
Microsoft Visual Studio Solution File, Format Version 12.00
# Visual Studio Version 16
VisualStudioVersion = 16.0.30626.31
MinimumVisualStudioVersion = 10.0.40219.1
Project("{9A19103F-16F7-4668-BE54-9A1E7A4F7556}") = "CSharp9", "CSharp9\CSharp9.csproj", "{2C215ED1-3DC2-4FC3-8DCB-D8BB94BC7AE6}"
EndProject
Project("{9A19103F-16F7-4668-BE54-9A1E7A4F7556}") = "CodeGenerator.NullChecks", "CodeGenerator.NullChecks\CodeGenerator.NullChecks.csproj", "{158696D5-BF62-404B-B95F-480F36197372}"
EndProject
Project("{9A19103F-16F7-4668-BE54-9A1E7A4F7556}") = "TopLevel", "TopLevel\TopLevel.csproj", "{7BE58836-8DE7-4E87-9CE8-0309DB9E9B12}"
EndProject
Global
	GlobalSection(SolutionConfigurationPlatforms) = preSolution
		Debug|Any CPU = Debug|Any CPU
		Release|Any CPU = Release|Any CPU
	EndGlobalSection
	GlobalSection(ProjectConfigurationPlatforms) = postSolution
		{2C215ED1-3DC2-4FC3-8DCB-D8BB94BC7AE6}.Debug|Any CPU.ActiveCfg = Debug|Any CPU
		{2C215ED1-3DC2-4FC3-8DCB-D8BB94BC7AE6}.Debug|Any CPU.Build.0 = Debug|Any CPU
		{2C215ED1-3DC2-4FC3-8DCB-D8BB94BC7AE6}.Release|Any CPU.ActiveCfg = Release|Any CPU
		{2C215ED1-3DC2-4FC3-8DCB-D8BB94BC7AE6}.Release|Any CPU.Build.0 = Release|Any CPU
		{158696D5-BF62-404B-B95F-480F36197372}.Debug|Any CPU.ActiveCfg = Debug|Any CPU
		{158696D5-BF62-404B-B95F-480F36197372}.Debug|Any CPU.Build.0 = Debug|Any CPU
		{158696D5-BF62-404B-B95F-480F36197372}.Release|Any CPU.ActiveCfg = Release|Any CPU
		{158696D5-BF62-404B-B95F-480F36197372}.Release|Any CPU.Build.0 = Release|Any CPU
		{7BE58836-8DE7-4E87-9CE8-0309DB9E9B12}.Debug|Any CPU.ActiveCfg = Debug|Any CPU
		{7BE58836-8DE7-4E87-9CE8-0309DB9E9B12}.Debug|Any CPU.Build.0 = Debug|Any CPU
		{7BE58836-8DE7-4E87-9CE8-0309DB9E9B12}.Release|Any CPU.ActiveCfg = Release|Any CPU
		{7BE58836-8DE7-4E87-9CE8-0309DB9E9B12}.Release|Any CPU.Build.0 = Release|Any CPU
	EndGlobalSection
	GlobalSection(SolutionProperties) = preSolution
		HideSolutionNode = FALSE
	EndGlobalSection
	GlobalSection(ExtensibilityGlobals) = postSolution
		SolutionGuid = {1AF02D9D-B6AE-48AB-94F4-EDA8BDF3FC00}
	EndGlobalSection
EndGlobal
